
Microsoft Visual Studio Solution File, Format Version 12.00
# Visual Studio Version 16
VisualStudioVersion = 16.0.35826.135
MinimumVisualStudioVersion = 10.0.40219.1
Project("{9A19103F-16F7-4668-BE54-9A1E7A4F7556}") = "ООП13Library", "ООП13Library.csproj", "{84FE7C4F-DD07-41F5-8037-5C70BE563303}"
EndProject
Project("{FAE04EC0-301F-11D3-BF4B-00C04F79EFBC}") = "TestOOP13", "..\TestOOP13\TestOOP13.csproj", "{F159470A-FE93-4DDD-8ACE-9292B9FC8354}"
EndProject
Global
	GlobalSection(SolutionConfigurationPlatforms) = preSolution
		Debug|Any CPU = Debug|Any CPU
		Release|Any CPU = Release|Any CPU
	EndGlobalSection
	GlobalSection(ProjectConfigurationPlatforms) = postSolution
		{84FE7C4F-DD07-41F5-8037-5C70BE563303}.Debug|Any CPU.ActiveCfg = Debug|Any CPU
		{84FE7C4F-DD07-41F5-8037-5C70BE563303}.Debug|Any CPU.Build.0 = Debug|Any CPU
		{84FE7C4F-DD07-41F5-8037-5C70BE563303}.Release|Any CPU.ActiveCfg = Release|Any CPU
		{84FE7C4F-DD07-41F5-8037-5C70BE563303}.Release|Any CPU.Build.0 = Release|Any CPU
		{F159470A-FE93-4DDD-8ACE-9292B9FC8354}.Debug|Any CPU.ActiveCfg = Debug|Any CPU
		{F159470A-FE93-4DDD-8ACE-9292B9FC8354}.Debug|Any CPU.Build.0 = Debug|Any CPU
		{F159470A-FE93-4DDD-8ACE-9292B9FC8354}.Release|Any CPU.ActiveCfg = Release|Any CPU
		{F159470A-FE93-4DDD-8ACE-9292B9FC8354}.Release|Any CPU.Build.0 = Release|Any CPU
	EndGlobalSection
	GlobalSection(SolutionProperties) = preSolution
		HideSolutionNode = FALSE
	EndGlobalSection
	GlobalSection(ExtensibilityGlobals) = postSolution
		SolutionGuid = {E716565A-134C-4523-9538-C4D9B46571D8}
	EndGlobalSection
EndGlobal
