
Microsoft Visual Studio Solution File, Format Version 12.00
# Visual Studio Version 17
VisualStudioVersion = 17.13.35919.96 d17.13
MinimumVisualStudioVersion = 10.0.40219.1
Project("{FAE04EC0-301F-11D3-BF4B-00C04F79EFBC}") = "InputWF", "InputWF\InputWF.csproj", "{4361C4B6-515D-4D36-BBDE-540FB24C6809}"
EndProject
Global
	GlobalSection(SolutionConfigurationPlatforms) = preSolution
		Debug|Any CPU = Debug|Any CPU
		Release|Any CPU = Release|Any CPU
	EndGlobalSection
	GlobalSection(ProjectConfigurationPlatforms) = postSolution
		{4361C4B6-515D-4D36-BBDE-540FB24C6809}.Debug|Any CPU.ActiveCfg = Debug|Any CPU
		{4361C4B6-515D-4D36-BBDE-540FB24C6809}.Debug|Any CPU.Build.0 = Debug|Any CPU
		{4361C4B6-515D-4D36-BBDE-540FB24C6809}.Release|Any CPU.ActiveCfg = Release|Any CPU
		{4361C4B6-515D-4D36-BBDE-540FB24C6809}.Release|Any CPU.Build.0 = Release|Any CPU
	EndGlobalSection
	GlobalSection(SolutionProperties) = preSolution
		HideSolutionNode = FALSE
	EndGlobalSection
	GlobalSection(ExtensibilityGlobals) = postSolution
		SolutionGuid = {33AF6D30-A825-4427-AAC6-A8B1EEF8A948}
	EndGlobalSection
EndGlobal
