
Microsoft Visual Studio Solution File, Format Version 12.00
# Visual Studio Version 16
VisualStudioVersion = 16.0.35425.106
MinimumVisualStudioVersion = 10.0.40219.1
Project("{9A19103F-16F7-4668-BE54-9A1E7A4F7556}") = "ООП10Library", "ООП10Library.csproj", "{D0F5BBD8-30F8-40EE-950F-B2F9F72C6220}"
EndProject
Project("{FAE04EC0-301F-11D3-BF4B-00C04F79EFBC}") = "TestООП10", "..\TestООП10\TestООП10.csproj", "{0D261A77-A46C-4793-BD2F-4336C14EBAB3}"
EndProject
Global
	GlobalSection(SolutionConfigurationPlatforms) = preSolution
		Debug|Any CPU = Debug|Any CPU
		Release|Any CPU = Release|Any CPU
	EndGlobalSection
	GlobalSection(ProjectConfigurationPlatforms) = postSolution
		{D0F5BBD8-30F8-40EE-950F-B2F9F72C6220}.Debug|Any CPU.ActiveCfg = Debug|Any CPU
		{D0F5BBD8-30F8-40EE-950F-B2F9F72C6220}.Debug|Any CPU.Build.0 = Debug|Any CPU
		{D0F5BBD8-30F8-40EE-950F-B2F9F72C6220}.Release|Any CPU.ActiveCfg = Release|Any CPU
		{D0F5BBD8-30F8-40EE-950F-B2F9F72C6220}.Release|Any CPU.Build.0 = Release|Any CPU
		{0D261A77-A46C-4793-BD2F-4336C14EBAB3}.Debug|Any CPU.ActiveCfg = Debug|Any CPU
		{0D261A77-A46C-4793-BD2F-4336C14EBAB3}.Debug|Any CPU.Build.0 = Debug|Any CPU
		{0D261A77-A46C-4793-BD2F-4336C14EBAB3}.Release|Any CPU.ActiveCfg = Release|Any CPU
		{0D261A77-A46C-4793-BD2F-4336C14EBAB3}.Release|Any CPU.Build.0 = Release|Any CPU
	EndGlobalSection
	GlobalSection(SolutionProperties) = preSolution
		HideSolutionNode = FALSE
	EndGlobalSection
	GlobalSection(ExtensibilityGlobals) = postSolution
		SolutionGuid = {2BD65E06-6390-4AF9-B163-51DFE27764C5}
	EndGlobalSection
EndGlobal
