
Microsoft Visual Studio Solution File, Format Version 12.00
# Visual Studio Version 16
VisualStudioVersion = 16.0.35425.106
MinimumVisualStudioVersion = 10.0.40219.1
Project("{9A19103F-16F7-4668-BE54-9A1E7A4F7556}") = "ООП12Library", "ООП12Library.csproj", "{57570A68-D050-41C7-94C8-B99926ECC264}"
EndProject
Project("{FAE04EC0-301F-11D3-BF4B-00C04F79EFBC}") = "testCollection", "..\testCollection\testCollection.csproj", "{EEC4C059-0F96-4548-BAE1-DE2A081ECD4A}"
EndProject
Global
	GlobalSection(SolutionConfigurationPlatforms) = preSolution
		Debug|Any CPU = Debug|Any CPU
		Release|Any CPU = Release|Any CPU
	EndGlobalSection
	GlobalSection(ProjectConfigurationPlatforms) = postSolution
		{57570A68-D050-41C7-94C8-B99926ECC264}.Debug|Any CPU.ActiveCfg = Debug|Any CPU
		{57570A68-D050-41C7-94C8-B99926ECC264}.Debug|Any CPU.Build.0 = Debug|Any CPU
		{57570A68-D050-41C7-94C8-B99926ECC264}.Release|Any CPU.ActiveCfg = Release|Any CPU
		{57570A68-D050-41C7-94C8-B99926ECC264}.Release|Any CPU.Build.0 = Release|Any CPU
		{EEC4C059-0F96-4548-BAE1-DE2A081ECD4A}.Debug|Any CPU.ActiveCfg = Debug|Any CPU
		{EEC4C059-0F96-4548-BAE1-DE2A081ECD4A}.Debug|Any CPU.Build.0 = Debug|Any CPU
		{EEC4C059-0F96-4548-BAE1-DE2A081ECD4A}.Release|Any CPU.ActiveCfg = Release|Any CPU
		{EEC4C059-0F96-4548-BAE1-DE2A081ECD4A}.Release|Any CPU.Build.0 = Release|Any CPU
	EndGlobalSection
	GlobalSection(SolutionProperties) = preSolution
		HideSolutionNode = FALSE
	EndGlobalSection
	GlobalSection(ExtensibilityGlobals) = postSolution
		SolutionGuid = {93A559CE-1EC4-47ED-A2DC-87BAB99D49E0}
	EndGlobalSection
EndGlobal
